// !$*UTF8*$!
{
	archiveVersion = 1;
	classes = {
	};
	objectVersion = 50;
	objects = {

/* Begin PBXBuildFile section */
		2E60E7ED2286E6D8005DF0F5 /* AppDelegate.swift in Sources */ = {isa = PBXBuildFile; fileRef = 2E60E7EC2286E6D8005DF0F5 /* AppDelegate.swift */; };
		2E60E7F12286E6D9005DF0F5 /* Assets.xcassets in Resources */ = {isa = PBXBuildFile; fileRef = 2E60E7F02286E6D9005DF0F5 /* Assets.xcassets */; };
		2E60E7F42286E6D9005DF0F5 /* Main.storyboard in Resources */ = {isa = PBXBuildFile; fileRef = 2E60E7F22286E6D9005DF0F5 /* Main.storyboard */; };
		2E60E8002286E6D9005DF0F5 /* BlueBaileyTests.swift in Sources */ = {isa = PBXBuildFile; fileRef = 2E60E7FF2286E6D9005DF0F5 /* BlueBaileyTests.swift */; };
		2E60E80B2286E6D9005DF0F5 /* BlueBaileyUITests.swift in Sources */ = {isa = PBXBuildFile; fileRef = 2E60E80A2286E6D9005DF0F5 /* BlueBaileyUITests.swift */; };
		2E60E81C2286E6FF005DF0F5 /* AEXML.framework in Frameworks */ = {isa = PBXBuildFile; fileRef = 2E60E81B2286E6FA005DF0F5 /* AEXML.framework */; };
		2E60E81D2286E6FF005DF0F5 /* AEXML.framework in Embed Frameworks */ = {isa = PBXBuildFile; fileRef = 2E60E81B2286E6FA005DF0F5 /* AEXML.framework */; settings = {ATTRIBUTES = (CodeSignOnCopy, RemoveHeadersOnCopy, ); }; };
		2E60E81E2286E6FF005DF0F5 /* PathKit.framework in Frameworks */ = {isa = PBXBuildFile; fileRef = 2E60E81A2286E6FA005DF0F5 /* PathKit.framework */; };
		2E60E81F2286E6FF005DF0F5 /* PathKit.framework in Embed Frameworks */ = {isa = PBXBuildFile; fileRef = 2E60E81A2286E6FA005DF0F5 /* PathKit.framework */; settings = {ATTRIBUTES = (CodeSignOnCopy, RemoveHeadersOnCopy, ); }; };
		2E60E8222286E6FF005DF0F5 /* XcodeProj.framework in Frameworks */ = {isa = PBXBuildFile; fileRef = 2E60E8182286E6F9005DF0F5 /* XcodeProj.framework */; };
		2E60E8232286E6FF005DF0F5 /* XcodeProj.framework in Embed Frameworks */ = {isa = PBXBuildFile; fileRef = 2E60E8182286E6F9005DF0F5 /* XcodeProj.framework */; settings = {ATTRIBUTES = (CodeSignOnCopy, RemoveHeadersOnCopy, ); }; };
		2E60E8262288665E005DF0F5 /* ViewController.swift in Sources */ = {isa = PBXBuildFile; fileRef = 2E60E8252288665E005DF0F5 /* ViewController.swift */; };
		2EFB23B4228AD5C100CBFB30 /* NavigatorViewController.swift in Sources */ = {isa = PBXBuildFile; fileRef = 2EFB23B3228AD5C100CBFB30 /* NavigatorViewController.swift */; };
		2EFB23B6228AD5D300CBFB30 /* NavigatorConnector.swift in Sources */ = {isa = PBXBuildFile; fileRef = 2EFB23B5228AD5D300CBFB30 /* NavigatorConnector.swift */; };
		2EFB23B8228AD61800CBFB30 /* NavigatorPresenter.swift in Sources */ = {isa = PBXBuildFile; fileRef = 2EFB23B7228AD61800CBFB30 /* NavigatorPresenter.swift */; };
		2EFB23BA228AD64D00CBFB30 /* NavigatorView.swift in Sources */ = {isa = PBXBuildFile; fileRef = 2EFB23B9228AD64D00CBFB30 /* NavigatorView.swift */; };
		2EFB23BF228AD76A00CBFB30 /* UseCaseFactory.swift in Sources */ = {isa = PBXBuildFile; fileRef = 2EFB23BE228AD76A00CBFB30 /* UseCaseFactory.swift */; };
		2EFB23C1228AD7D000CBFB30 /* NavigatorNavigation.swift in Sources */ = {isa = PBXBuildFile; fileRef = 2EFB23C0228AD7D000CBFB30 /* NavigatorNavigation.swift */; };
/* End PBXBuildFile section */

/* Begin PBXContainerItemProxy section */
		2E60E7FC2286E6D9005DF0F5 /* PBXContainerItemProxy */ = {
			isa = PBXContainerItemProxy;
			containerPortal = 2E60E7E12286E6D8005DF0F5 /* Project object */;
			proxyType = 1;
			remoteGlobalIDString = 2E60E7E82286E6D8005DF0F5;
			remoteInfo = BlueBailey;
		};
		2E60E8072286E6D9005DF0F5 /* PBXContainerItemProxy */ = {
			isa = PBXContainerItemProxy;
			containerPortal = 2E60E7E12286E6D8005DF0F5 /* Project object */;
			proxyType = 1;
			remoteGlobalIDString = 2E60E7E82286E6D8005DF0F5;
			remoteInfo = BlueBailey;
		};
/* End PBXContainerItemProxy section */

/* Begin PBXCopyFilesBuildPhase section */
		2E60E8242286E6FF005DF0F5 /* Embed Frameworks */ = {
			isa = PBXCopyFilesBuildPhase;
			buildActionMask = 2147483647;
			dstPath = "";
			dstSubfolderSpec = 10;
			files = (
				2E60E81F2286E6FF005DF0F5 /* PathKit.framework in Embed Frameworks */,
				2E60E8232286E6FF005DF0F5 /* XcodeProj.framework in Embed Frameworks */,
				2E60E81D2286E6FF005DF0F5 /* AEXML.framework in Embed Frameworks */,
			);
			name = "Embed Frameworks";
			runOnlyForDeploymentPostprocessing = 0;
		};
/* End PBXCopyFilesBuildPhase section */

/* Begin PBXFileReference section */
		2E60E7E92286E6D8005DF0F5 /* BlueBailey.app */ = {isa = PBXFileReference; explicitFileType = wrapper.application; includeInIndex = 0; path = BlueBailey.app; sourceTree = BUILT_PRODUCTS_DIR; };
		2E60E7EC2286E6D8005DF0F5 /* AppDelegate.swift */ = {isa = PBXFileReference; lastKnownFileType = sourcecode.swift; path = AppDelegate.swift; sourceTree = "<group>"; };
		2E60E7F02286E6D9005DF0F5 /* Assets.xcassets */ = {isa = PBXFileReference; lastKnownFileType = folder.assetcatalog; path = Assets.xcassets; sourceTree = "<group>"; };
		2E60E7F32286E6D9005DF0F5 /* Base */ = {isa = PBXFileReference; lastKnownFileType = file.storyboard; name = Base; path = Base.lproj/Main.storyboard; sourceTree = "<group>"; };
		2E60E7F52286E6D9005DF0F5 /* Info.plist */ = {isa = PBXFileReference; lastKnownFileType = text.plist.xml; path = Info.plist; sourceTree = "<group>"; };
		2E60E7F62286E6D9005DF0F5 /* BlueBailey.entitlements */ = {isa = PBXFileReference; lastKnownFileType = text.plist.entitlements; path = BlueBailey.entitlements; sourceTree = "<group>"; };
		2E60E7FB2286E6D9005DF0F5 /* BlueBaileyTests.xctest */ = {isa = PBXFileReference; explicitFileType = wrapper.cfbundle; includeInIndex = 0; path = BlueBaileyTests.xctest; sourceTree = BUILT_PRODUCTS_DIR; };
		2E60E7FF2286E6D9005DF0F5 /* BlueBaileyTests.swift */ = {isa = PBXFileReference; lastKnownFileType = sourcecode.swift; path = BlueBaileyTests.swift; sourceTree = "<group>"; };
		2E60E8012286E6D9005DF0F5 /* Info.plist */ = {isa = PBXFileReference; lastKnownFileType = text.plist.xml; path = Info.plist; sourceTree = "<group>"; };
		2E60E8062286E6D9005DF0F5 /* BlueBaileyUITests.xctest */ = {isa = PBXFileReference; explicitFileType = wrapper.cfbundle; includeInIndex = 0; path = BlueBaileyUITests.xctest; sourceTree = BUILT_PRODUCTS_DIR; };
		2E60E80A2286E6D9005DF0F5 /* BlueBaileyUITests.swift */ = {isa = PBXFileReference; lastKnownFileType = sourcecode.swift; path = BlueBaileyUITests.swift; sourceTree = "<group>"; };
		2E60E80C2286E6D9005DF0F5 /* Info.plist */ = {isa = PBXFileReference; lastKnownFileType = text.plist.xml; path = Info.plist; sourceTree = "<group>"; };
		2E60E8182286E6F9005DF0F5 /* XcodeProj.framework */ = {isa = PBXFileReference; lastKnownFileType = wrapper.framework; path = XcodeProj.framework; sourceTree = "<group>"; };
		2E60E81A2286E6FA005DF0F5 /* PathKit.framework */ = {isa = PBXFileReference; lastKnownFileType = wrapper.framework; path = PathKit.framework; sourceTree = "<group>"; };
		2E60E81B2286E6FA005DF0F5 /* AEXML.framework */ = {isa = PBXFileReference; lastKnownFileType = wrapper.framework; path = AEXML.framework; sourceTree = "<group>"; };
		2E60E8252288665E005DF0F5 /* ViewController.swift */ = {isa = PBXFileReference; lastKnownFileType = sourcecode.swift; path = ViewController.swift; sourceTree = "<group>"; };
		2EFB23B3228AD5C100CBFB30 /* NavigatorViewController.swift */ = {isa = PBXFileReference; lastKnownFileType = sourcecode.swift; path = NavigatorViewController.swift; sourceTree = "<group>"; };
		2EFB23B5228AD5D300CBFB30 /* NavigatorConnector.swift */ = {isa = PBXFileReference; lastKnownFileType = sourcecode.swift; path = NavigatorConnector.swift; sourceTree = "<group>"; };
		2EFB23B7228AD61800CBFB30 /* NavigatorPresenter.swift */ = {isa = PBXFileReference; lastKnownFileType = sourcecode.swift; path = NavigatorPresenter.swift; sourceTree = "<group>"; };
		2EFB23B9228AD64D00CBFB30 /* NavigatorView.swift */ = {isa = PBXFileReference; lastKnownFileType = sourcecode.swift; path = NavigatorView.swift; sourceTree = "<group>"; };
		2EFB23BE228AD76A00CBFB30 /* UseCaseFactory.swift */ = {isa = PBXFileReference; lastKnownFileType = sourcecode.swift; path = UseCaseFactory.swift; sourceTree = "<group>"; };
		2EFB23C0228AD7D000CBFB30 /* NavigatorNavigation.swift */ = {isa = PBXFileReference; lastKnownFileType = sourcecode.swift; path = NavigatorNavigation.swift; sourceTree = "<group>"; };
/* End PBXFileReference section */

/* Begin PBXFrameworksBuildPhase section */
		2E60E7E62286E6D8005DF0F5 /* Frameworks */ = {
			isa = PBXFrameworksBuildPhase;
			buildActionMask = 2147483647;
			files = (
				2E60E81E2286E6FF005DF0F5 /* PathKit.framework in Frameworks */,
				2E60E8222286E6FF005DF0F5 /* XcodeProj.framework in Frameworks */,
				2E60E81C2286E6FF005DF0F5 /* AEXML.framework in Frameworks */,
			);
			runOnlyForDeploymentPostprocessing = 0;
		};
		2E60E7F82286E6D9005DF0F5 /* Frameworks */ = {
			isa = PBXFrameworksBuildPhase;
			buildActionMask = 2147483647;
			files = (
			);
			runOnlyForDeploymentPostprocessing = 0;
		};
		2E60E8032286E6D9005DF0F5 /* Frameworks */ = {
			isa = PBXFrameworksBuildPhase;
			buildActionMask = 2147483647;
			files = (
			);
			runOnlyForDeploymentPostprocessing = 0;
		};
/* End PBXFrameworksBuildPhase section */

/* Begin PBXGroup section */
		2E60E7E02286E6D8005DF0F5 = {
			isa = PBXGroup;
			children = (
				2E60E7EB2286E6D8005DF0F5 /* BlueBailey */,
				2E60E7FE2286E6D9005DF0F5 /* BlueBaileyTests */,
				2E60E8092286E6D9005DF0F5 /* BlueBaileyUITests */,
				2E60E7EA2286E6D8005DF0F5 /* Products */,
				2E60E81B2286E6FA005DF0F5 /* AEXML.framework */,
				2E60E81A2286E6FA005DF0F5 /* PathKit.framework */,
				2E60E8182286E6F9005DF0F5 /* XcodeProj.framework */,
			);
			sourceTree = "<group>";
		};
		2E60E7EA2286E6D8005DF0F5 /* Products */ = {
			isa = PBXGroup;
			children = (
				2E60E7E92286E6D8005DF0F5 /* BlueBailey.app */,
				2E60E7FB2286E6D9005DF0F5 /* BlueBaileyTests.xctest */,
				2E60E8062286E6D9005DF0F5 /* BlueBaileyUITests.xctest */,
			);
			name = Products;
			sourceTree = "<group>";
		};
		2E60E7EB2286E6D8005DF0F5 /* BlueBailey */ = {
			isa = PBXGroup;
			children = (
				2EFB23BC228AD6C600CBFB30 /* Platform */,
				2EFB23BB228AD65000CBFB30 /* Presentation */,
				2EFB23BD228AD75B00CBFB30 /* Domain */,
				2E60E7F02286E6D9005DF0F5 /* Assets.xcassets */,
				2E60E7F22286E6D9005DF0F5 /* Main.storyboard */,
				2E60E7F62286E6D9005DF0F5 /* BlueBailey.entitlements */,
				2E60E7F52286E6D9005DF0F5 /* Info.plist */,
			);
			path = BlueBailey;
			sourceTree = "<group>";
		};
		2E60E7FE2286E6D9005DF0F5 /* BlueBaileyTests */ = {
			isa = PBXGroup;
			children = (
				2E60E7FF2286E6D9005DF0F5 /* BlueBaileyTests.swift */,
				2E60E8012286E6D9005DF0F5 /* Info.plist */,
			);
			path = BlueBaileyTests;
			sourceTree = "<group>";
		};
		2E60E8092286E6D9005DF0F5 /* BlueBaileyUITests */ = {
			isa = PBXGroup;
			children = (
				2E60E80A2286E6D9005DF0F5 /* BlueBaileyUITests.swift */,
				2E60E80C2286E6D9005DF0F5 /* Info.plist */,
			);
			path = BlueBaileyUITests;
			sourceTree = "<group>";
		};
		2EFB23BB228AD65000CBFB30 /* Presentation */ = {
			isa = PBXGroup;
			children = (
				2EFB23B7228AD61800CBFB30 /* NavigatorPresenter.swift */,
				2EFB23B9228AD64D00CBFB30 /* NavigatorView.swift */,
				2EFB23C0228AD7D000CBFB30 /* NavigatorNavigation.swift */,
			);
			path = Presentation;
			sourceTree = "<group>";
		};
		2EFB23BC228AD6C600CBFB30 /* Platform */ = {
			isa = PBXGroup;
			children = (
				2E60E7EC2286E6D8005DF0F5 /* AppDelegate.swift */,
				2E60E8252288665E005DF0F5 /* ViewController.swift */,
				2EFB23B3228AD5C100CBFB30 /* NavigatorViewController.swift */,
				2EFB23B5228AD5D300CBFB30 /* NavigatorConnector.swift */,
			);
			path = Platform;
			sourceTree = "<group>";
		};
		2EFB23BD228AD75B00CBFB30 /* Domain */ = {
			isa = PBXGroup;
			children = (
				2EFB23BE228AD76A00CBFB30 /* UseCaseFactory.swift */,
			);
			path = Domain;
			sourceTree = "<group>";
		};
/* End PBXGroup section */

/* Begin PBXNativeTarget section */
		2E60E7E82286E6D8005DF0F5 /* BlueBailey */ = {
			isa = PBXNativeTarget;
			buildConfigurationList = 2E60E80F2286E6D9005DF0F5 /* Build configuration list for PBXNativeTarget "BlueBailey" */;
			buildPhases = (
				2E60E7E52286E6D8005DF0F5 /* Sources */,
				2E60E7E62286E6D8005DF0F5 /* Frameworks */,
				2E60E7E72286E6D8005DF0F5 /* Resources */,
				2E60E8242286E6FF005DF0F5 /* Embed Frameworks */,
			);
			buildRules = (
			);
			dependencies = (
			);
			name = BlueBailey;
			productName = BlueBailey;
			productReference = 2E60E7E92286E6D8005DF0F5 /* BlueBailey.app */;
			productType = "com.apple.product-type.application";
		};
		2E60E7FA2286E6D9005DF0F5 /* BlueBaileyTests */ = {
			isa = PBXNativeTarget;
			buildConfigurationList = 2E60E8122286E6D9005DF0F5 /* Build configuration list for PBXNativeTarget "BlueBaileyTests" */;
			buildPhases = (
				2E60E7F72286E6D9005DF0F5 /* Sources */,
				2E60E7F82286E6D9005DF0F5 /* Frameworks */,
				2E60E7F92286E6D9005DF0F5 /* Resources */,
			);
			buildRules = (
			);
			dependencies = (
				2E60E7FD2286E6D9005DF0F5 /* PBXTargetDependency */,
			);
			name = BlueBaileyTests;
			productName = BlueBaileyTests;
			productReference = 2E60E7FB2286E6D9005DF0F5 /* BlueBaileyTests.xctest */;
			productType = "com.apple.product-type.bundle.unit-test";
		};
		2E60E8052286E6D9005DF0F5 /* BlueBaileyUITests */ = {
			isa = PBXNativeTarget;
			buildConfigurationList = 2E60E8152286E6D9005DF0F5 /* Build configuration list for PBXNativeTarget "BlueBaileyUITests" */;
			buildPhases = (
				2E60E8022286E6D9005DF0F5 /* Sources */,
				2E60E8032286E6D9005DF0F5 /* Frameworks */,
				2E60E8042286E6D9005DF0F5 /* Resources */,
			);
			buildRules = (
			);
			dependencies = (
				2E60E8082286E6D9005DF0F5 /* PBXTargetDependency */,
			);
			name = BlueBaileyUITests;
			productName = BlueBaileyUITests;
			productReference = 2E60E8062286E6D9005DF0F5 /* BlueBaileyUITests.xctest */;
			productType = "com.apple.product-type.bundle.ui-testing";
		};
/* End PBXNativeTarget section */

/* Begin PBXProject section */
		2E60E7E12286E6D8005DF0F5 /* Project object */ = {
			isa = PBXProject;
			attributes = {
				LastSwiftUpdateCheck = 1020;
				LastUpgradeCheck = 1020;
				ORGANIZATIONNAME = Bilescu;
				TargetAttributes = {
					2E60E7E82286E6D8005DF0F5 = {
						CreatedOnToolsVersion = 10.2;
						SystemCapabilities = {
							com.apple.Sandbox = {
								enabled = 1;
							};
						};
					};
					2E60E7FA2286E6D9005DF0F5 = {
						CreatedOnToolsVersion = 10.2;
						TestTargetID = 2E60E7E82286E6D8005DF0F5;
					};
					2E60E8052286E6D9005DF0F5 = {
						CreatedOnToolsVersion = 10.2;
						TestTargetID = 2E60E7E82286E6D8005DF0F5;
					};
				};
			};
			buildConfigurationList = 2E60E7E42286E6D8005DF0F5 /* Build configuration list for PBXProject "BlueBailey" */;
			compatibilityVersion = "Xcode 9.3";
			developmentRegion = en;
			hasScannedForEncodings = 0;
			knownRegions = (
				en,
				Base,
			);
			mainGroup = 2E60E7E02286E6D8005DF0F5;
			productRefGroup = 2E60E7EA2286E6D8005DF0F5 /* Products */;
			projectDirPath = "";
			projectRoot = "";
			targets = (
				2E60E7E82286E6D8005DF0F5 /* BlueBailey */,
				2E60E7FA2286E6D9005DF0F5 /* BlueBaileyTests */,
				2E60E8052286E6D9005DF0F5 /* BlueBaileyUITests */,
			);
		};
/* End PBXProject section */

/* Begin PBXResourcesBuildPhase section */
		2E60E7E72286E6D8005DF0F5 /* Resources */ = {
			isa = PBXResourcesBuildPhase;
			buildActionMask = 2147483647;
			files = (
				2E60E7F12286E6D9005DF0F5 /* Assets.xcassets in Resources */,
				2E60E7F42286E6D9005DF0F5 /* Main.storyboard in Resources */,
			);
			runOnlyForDeploymentPostprocessing = 0;
		};
		2E60E7F92286E6D9005DF0F5 /* Resources */ = {
			isa = PBXResourcesBuildPhase;
			buildActionMask = 2147483647;
			files = (
			);
			runOnlyForDeploymentPostprocessing = 0;
		};
		2E60E8042286E6D9005DF0F5 /* Resources */ = {
			isa = PBXResourcesBuildPhase;
			buildActionMask = 2147483647;
			files = (
			);
			runOnlyForDeploymentPostprocessing = 0;
		};
/* End PBXResourcesBuildPhase section */

/* Begin PBXSourcesBuildPhase section */
		2E60E7E52286E6D8005DF0F5 /* Sources */ = {
			isa = PBXSourcesBuildPhase;
			buildActionMask = 2147483647;
			files = (
				2EFB23B4228AD5C100CBFB30 /* NavigatorViewController.swift in Sources */,
				2EFB23B6228AD5D300CBFB30 /* NavigatorConnector.swift in Sources */,
				2E60E8262288665E005DF0F5 /* ViewController.swift in Sources */,
				2EFB23B8228AD61800CBFB30 /* NavigatorPresenter.swift in Sources */,
				2EFB23BA228AD64D00CBFB30 /* NavigatorView.swift in Sources */,
				2EFB23BF228AD76A00CBFB30 /* UseCaseFactory.swift in Sources */,
				2E60E7ED2286E6D8005DF0F5 /* AppDelegate.swift in Sources */,
				2EFB23C1228AD7D000CBFB30 /* NavigatorNavigation.swift in Sources */,
			);
			runOnlyForDeploymentPostprocessing = 0;
		};
		2E60E7F72286E6D9005DF0F5 /* Sources */ = {
			isa = PBXSourcesBuildPhase;
			buildActionMask = 2147483647;
			files = (
				2E60E8002286E6D9005DF0F5 /* BlueBaileyTests.swift in Sources */,
			);
			runOnlyForDeploymentPostprocessing = 0;
		};
		2E60E8022286E6D9005DF0F5 /* Sources */ = {
			isa = PBXSourcesBuildPhase;
			buildActionMask = 2147483647;
			files = (
				2E60E80B2286E6D9005DF0F5 /* BlueBaileyUITests.swift in Sources */,
			);
			runOnlyForDeploymentPostprocessing = 0;
		};
/* End PBXSourcesBuildPhase section */

/* Begin PBXTargetDependency section */
		2E60E7FD2286E6D9005DF0F5 /* PBXTargetDependency */ = {
			isa = PBXTargetDependency;
			target = 2E60E7E82286E6D8005DF0F5 /* BlueBailey */;
			targetProxy = 2E60E7FC2286E6D9005DF0F5 /* PBXContainerItemProxy */;
		};
		2E60E8082286E6D9005DF0F5 /* PBXTargetDependency */ = {
			isa = PBXTargetDependency;
			target = 2E60E7E82286E6D8005DF0F5 /* BlueBailey */;
			targetProxy = 2E60E8072286E6D9005DF0F5 /* PBXContainerItemProxy */;
		};
/* End PBXTargetDependency section */

/* Begin PBXVariantGroup section */
		2E60E7F22286E6D9005DF0F5 /* Main.storyboard */ = {
			isa = PBXVariantGroup;
			children = (
				2E60E7F32286E6D9005DF0F5 /* Base */,
			);
			name = Main.storyboard;
			sourceTree = "<group>";
		};
/* End PBXVariantGroup section */

/* Begin XCBuildConfiguration section */
		2E60E80D2286E6D9005DF0F5 /* Debug */ = {
			isa = XCBuildConfiguration;
			buildSettings = {
				ALWAYS_SEARCH_USER_PATHS = NO;
				CLANG_ANALYZER_NONNULL = YES;
				CLANG_ANALYZER_NUMBER_OBJECT_CONVERSION = YES_AGGRESSIVE;
				CLANG_CXX_LANGUAGE_STANDARD = "gnu++14";
				CLANG_CXX_LIBRARY = "libc++";
				CLANG_ENABLE_MODULES = YES;
				CLANG_ENABLE_OBJC_ARC = YES;
				CLANG_ENABLE_OBJC_WEAK = YES;
				CLANG_WARN_BLOCK_CAPTURE_AUTORELEASING = YES;
				CLANG_WARN_BOOL_CONVERSION = YES;
				CLANG_WARN_COMMA = YES;
				CLANG_WARN_CONSTANT_CONVERSION = YES;
				CLANG_WARN_DEPRECATED_OBJC_IMPLEMENTATIONS = YES;
				CLANG_WARN_DIRECT_OBJC_ISA_USAGE = YES_ERROR;
				CLANG_WARN_DOCUMENTATION_COMMENTS = YES;
				CLANG_WARN_EMPTY_BODY = YES;
				CLANG_WARN_ENUM_CONVERSION = YES;
				CLANG_WARN_INFINITE_RECURSION = YES;
				CLANG_WARN_INT_CONVERSION = YES;
				CLANG_WARN_NON_LITERAL_NULL_CONVERSION = YES;
				CLANG_WARN_OBJC_IMPLICIT_RETAIN_SELF = YES;
				CLANG_WARN_OBJC_LITERAL_CONVERSION = YES;
				CLANG_WARN_OBJC_ROOT_CLASS = YES_ERROR;
				CLANG_WARN_RANGE_LOOP_ANALYSIS = YES;
				CLANG_WARN_STRICT_PROTOTYPES = YES;
				CLANG_WARN_SUSPICIOUS_MOVE = YES;
				CLANG_WARN_UNGUARDED_AVAILABILITY = YES_AGGRESSIVE;
				CLANG_WARN_UNREACHABLE_CODE = YES;
				CLANG_WARN__DUPLICATE_METHOD_MATCH = YES;
				CODE_SIGN_IDENTITY = "-";
				COPY_PHASE_STRIP = NO;
				DEBUG_INFORMATION_FORMAT = dwarf;
				ENABLE_STRICT_OBJC_MSGSEND = YES;
				ENABLE_TESTABILITY = YES;
				GCC_C_LANGUAGE_STANDARD = gnu11;
				GCC_DYNAMIC_NO_PIC = NO;
				GCC_NO_COMMON_BLOCKS = YES;
				GCC_OPTIMIZATION_LEVEL = 0;
				GCC_PREPROCESSOR_DEFINITIONS = (
					"DEBUG=1",
					"$(inherited)",
				);
				GCC_WARN_64_TO_32_BIT_CONVERSION = YES;
				GCC_WARN_ABOUT_RETURN_TYPE = YES_ERROR;
				GCC_WARN_UNDECLARED_SELECTOR = YES;
				GCC_WARN_UNINITIALIZED_AUTOS = YES_AGGRESSIVE;
				GCC_WARN_UNUSED_FUNCTION = YES;
				GCC_WARN_UNUSED_VARIABLE = YES;
				MACOSX_DEPLOYMENT_TARGET = 10.14;
				MTL_ENABLE_DEBUG_INFO = INCLUDE_SOURCE;
				MTL_FAST_MATH = YES;
				ONLY_ACTIVE_ARCH = YES;
				SDKROOT = macosx;
				SWIFT_ACTIVE_COMPILATION_CONDITIONS = DEBUG;
				SWIFT_OPTIMIZATION_LEVEL = "-Onone";
			};
			name = Debug;
		};
		2E60E80E2286E6D9005DF0F5 /* Release */ = {
			isa = XCBuildConfiguration;
			buildSettings = {
				ALWAYS_SEARCH_USER_PATHS = NO;
				CLANG_ANALYZER_NONNULL = YES;
				CLANG_ANALYZER_NUMBER_OBJECT_CONVERSION = YES_AGGRESSIVE;
				CLANG_CXX_LANGUAGE_STANDARD = "gnu++14";
				CLANG_CXX_LIBRARY = "libc++";
				CLANG_ENABLE_MODULES = YES;
				CLANG_ENABLE_OBJC_ARC = YES;
				CLANG_ENABLE_OBJC_WEAK = YES;
				CLANG_WARN_BLOCK_CAPTURE_AUTORELEASING = YES;
				CLANG_WARN_BOOL_CONVERSION = YES;
				CLANG_WARN_COMMA = YES;
				CLANG_WARN_CONSTANT_CONVERSION = YES;
				CLANG_WARN_DEPRECATED_OBJC_IMPLEMENTATIONS = YES;
				CLANG_WARN_DIRECT_OBJC_ISA_USAGE = YES_ERROR;
				CLANG_WARN_DOCUMENTATION_COMMENTS = YES;
				CLANG_WARN_EMPTY_BODY = YES;
				CLANG_WARN_ENUM_CONVERSION = YES;
				CLANG_WARN_INFINITE_RECURSION = YES;
				CLANG_WARN_INT_CONVERSION = YES;
				CLANG_WARN_NON_LITERAL_NULL_CONVERSION = YES;
				CLANG_WARN_OBJC_IMPLICIT_RETAIN_SELF = YES;
				CLANG_WARN_OBJC_LITERAL_CONVERSION = YES;
				CLANG_WARN_OBJC_ROOT_CLASS = YES_ERROR;
				CLANG_WARN_RANGE_LOOP_ANALYSIS = YES;
				CLANG_WARN_STRICT_PROTOTYPES = YES;
				CLANG_WARN_SUSPICIOUS_MOVE = YES;
				CLANG_WARN_UNGUARDED_AVAILABILITY = YES_AGGRESSIVE;
				CLANG_WARN_UNREACHABLE_CODE = YES;
				CLANG_WARN__DUPLICATE_METHOD_MATCH = YES;
				CODE_SIGN_IDENTITY = "-";
				COPY_PHASE_STRIP = NO;
				DEBUG_INFORMATION_FORMAT = "dwarf-with-dsym";
				ENABLE_NS_ASSERTIONS = NO;
				ENABLE_STRICT_OBJC_MSGSEND = YES;
				GCC_C_LANGUAGE_STANDARD = gnu11;
				GCC_NO_COMMON_BLOCKS = YES;
				GCC_WARN_64_TO_32_BIT_CONVERSION = YES;
				GCC_WARN_ABOUT_RETURN_TYPE = YES_ERROR;
				GCC_WARN_UNDECLARED_SELECTOR = YES;
				GCC_WARN_UNINITIALIZED_AUTOS = YES_AGGRESSIVE;
				GCC_WARN_UNUSED_FUNCTION = YES;
				GCC_WARN_UNUSED_VARIABLE = YES;
				MACOSX_DEPLOYMENT_TARGET = 10.14;
				MTL_ENABLE_DEBUG_INFO = NO;
				MTL_FAST_MATH = YES;
				SDKROOT = macosx;
				SWIFT_COMPILATION_MODE = wholemodule;
				SWIFT_OPTIMIZATION_LEVEL = "-O";
			};
			name = Release;
		};
		2E60E8102286E6D9005DF0F5 /* Debug */ = {
			isa = XCBuildConfiguration;
			buildSettings = {
				ASSETCATALOG_COMPILER_APPICON_NAME = AppIcon;
				CODE_SIGN_ENTITLEMENTS = BlueBailey/BlueBailey.entitlements;
				CODE_SIGN_STYLE = Automatic;
				COMBINE_HIDPI_IMAGES = YES;
				FRAMEWORK_SEARCH_PATHS = (
					"$(inherited)",
					"$(PROJECT_DIR)",
				);
				INFOPLIST_FILE = BlueBailey/Info.plist;
				LD_RUNPATH_SEARCH_PATHS = (
					"$(inherited)",
					"@executable_path/../Frameworks",
				);
				PRODUCT_BUNDLE_IDENTIFIER = com.bilescu.BlueBailey;
				PRODUCT_NAME = "$(TARGET_NAME)";
				SWIFT_VERSION = 5.0;
				SYSTEM_FRAMEWORK_SEARCH_PATHS = (
					"\"$(SRCROOT)/AEXML.framework\"",
					"\"$(SRCROOT)/PathKit.framework\"",
					"\"$(SRCROOT)/XcodeProj.framework\"",
				);
			};
			name = Debug;
		};
		2E60E8112286E6D9005DF0F5 /* Release */ = {
			isa = XCBuildConfiguration;
			buildSettings = {
				ASSETCATALOG_COMPILER_APPICON_NAME = AppIcon;
				CODE_SIGN_ENTITLEMENTS = BlueBailey/BlueBailey.entitlements;
				CODE_SIGN_STYLE = Automatic;
				COMBINE_HIDPI_IMAGES = YES;
				FRAMEWORK_SEARCH_PATHS = (
					"$(inherited)",
					"$(PROJECT_DIR)",
				);
				INFOPLIST_FILE = BlueBailey/Info.plist;
				LD_RUNPATH_SEARCH_PATHS = (
					"$(inherited)",
					"@executable_path/../Frameworks",
				);
				PRODUCT_BUNDLE_IDENTIFIER = com.bilescu.BlueBailey;
				PRODUCT_NAME = "$(TARGET_NAME)";
				SWIFT_VERSION = 5.0;
				SYSTEM_FRAMEWORK_SEARCH_PATHS = (
					"\"$(SRCROOT)/AEXML.framework\"",
					"\"$(SRCROOT)/PathKit.framework\"",
					"\"$(SRCROOT)/XcodeProj.framework\"",
				);
			};
			name = Release;
		};
		2E60E8132286E6D9005DF0F5 /* Debug */ = {
			isa = XCBuildConfiguration;
			buildSettings = {
				ALWAYS_EMBED_SWIFT_STANDARD_LIBRARIES = YES;
				BUNDLE_LOADER = "$(TEST_HOST)";
				CODE_SIGN_STYLE = Automatic;
				COMBINE_HIDPI_IMAGES = YES;
				INFOPLIST_FILE = BlueBaileyTests/Info.plist;
				LD_RUNPATH_SEARCH_PATHS = (
					"$(inherited)",
					"@executable_path/../Frameworks",
					"@loader_path/../Frameworks",
				);
				PRODUCT_BUNDLE_IDENTIFIER = com.bilescu.BlueBaileyTests;
				PRODUCT_NAME = "$(TARGET_NAME)";
				SWIFT_VERSION = 5.0;
				TEST_HOST = "$(BUILT_PRODUCTS_DIR)/BlueBailey.app/Contents/MacOS/BlueBailey";
			};
			name = Debug;
		};
		2E60E8142286E6D9005DF0F5 /* Release */ = {
			isa = XCBuildConfiguration;
			buildSettings = {
				ALWAYS_EMBED_SWIFT_STANDARD_LIBRARIES = YES;
				BUNDLE_LOADER = "$(TEST_HOST)";
				CODE_SIGN_STYLE = Automatic;
				COMBINE_HIDPI_IMAGES = YES;
				INFOPLIST_FILE = BlueBaileyTests/Info.plist;
				LD_RUNPATH_SEARCH_PATHS = (
					"$(inherited)",
					"@executable_path/../Frameworks",
					"@loader_path/../Frameworks",
				);
				PRODUCT_BUNDLE_IDENTIFIER = com.bilescu.BlueBaileyTests;
				PRODUCT_NAME = "$(TARGET_NAME)";
				SWIFT_VERSION = 5.0;
				TEST_HOST = "$(BUILT_PRODUCTS_DIR)/BlueBailey.app/Contents/MacOS/BlueBailey";
			};
			name = Release;
		};
		2E60E8162286E6D9005DF0F5 /* Debug */ = {
			isa = XCBuildConfiguration;
			buildSettings = {
				ALWAYS_EMBED_SWIFT_STANDARD_LIBRARIES = YES;
				CODE_SIGN_STYLE = Automatic;
				COMBINE_HIDPI_IMAGES = YES;
				INFOPLIST_FILE = BlueBaileyUITests/Info.plist;
				LD_RUNPATH_SEARCH_PATHS = (
					"$(inherited)",
					"@executable_path/../Frameworks",
					"@loader_path/../Frameworks",
				);
				PRODUCT_BUNDLE_IDENTIFIER = com.bilescu.BlueBaileyUITests;
				PRODUCT_NAME = "$(TARGET_NAME)";
				SWIFT_VERSION = 5.0;
				TEST_TARGET_NAME = BlueBailey;
			};
			name = Debug;
		};
		2E60E8172286E6D9005DF0F5 /* Release */ = {
			isa = XCBuildConfiguration;
			buildSettings = {
				ALWAYS_EMBED_SWIFT_STANDARD_LIBRARIES = YES;
				CODE_SIGN_STYLE = Automatic;
				COMBINE_HIDPI_IMAGES = YES;
				INFOPLIST_FILE = BlueBaileyUITests/Info.plist;
				LD_RUNPATH_SEARCH_PATHS = (
					"$(inherited)",
					"@executable_path/../Frameworks",
					"@loader_path/../Frameworks",
				);
				PRODUCT_BUNDLE_IDENTIFIER = com.bilescu.BlueBaileyUITests;
				PRODUCT_NAME = "$(TARGET_NAME)";
				SWIFT_VERSION = 5.0;
				TEST_TARGET_NAME = BlueBailey;
			};
			name = Release;
		};
/* End XCBuildConfiguration section */

/* Begin XCConfigurationList section */
		2E60E7E42286E6D8005DF0F5 /* Build configuration list for PBXProject "BlueBailey" */ = {
			isa = XCConfigurationList;
			buildConfigurations = (
				2E60E80D2286E6D9005DF0F5 /* Debug */,
				2E60E80E2286E6D9005DF0F5 /* Release */,
			);
			defaultConfigurationIsVisible = 0;
			defaultConfigurationName = Release;
		};
		2E60E80F2286E6D9005DF0F5 /* Build configuration list for PBXNativeTarget "BlueBailey" */ = {
			isa = XCConfigurationList;
			buildConfigurations = (
				2E60E8102286E6D9005DF0F5 /* Debug */,
				2E60E8112286E6D9005DF0F5 /* Release */,
			);
			defaultConfigurationIsVisible = 0;
			defaultConfigurationName = Release;
		};
		2E60E8122286E6D9005DF0F5 /* Build configuration list for PBXNativeTarget "BlueBaileyTests" */ = {
			isa = XCConfigurationList;
			buildConfigurations = (
				2E60E8132286E6D9005DF0F5 /* Debug */,
				2E60E8142286E6D9005DF0F5 /* Release */,
			);
			defaultConfigurationIsVisible = 0;
			defaultConfigurationName = Release;
		};
		2E60E8152286E6D9005DF0F5 /* Build configuration list for PBXNativeTarget "BlueBaileyUITests" */ = {
			isa = XCConfigurationList;
			buildConfigurations = (
				2E60E8162286E6D9005DF0F5 /* Debug */,
				2E60E8172286E6D9005DF0F5 /* Release */,
			);
			defaultConfigurationIsVisible = 0;
			defaultConfigurationName = Release;
		};
/* End XCConfigurationList section */
	};
	rootObject = 2E60E7E12286E6D8005DF0F5 /* Project object */;
}
