// !$*UTF8*$!
{
	archiveVersion = 1;
	classes = {
	};
	objectVersion = 50;
	objects = {

/* Begin PBXBuildFile section */
		B9A882312359E194007A589B /* main.swift in Sources */ = {isa = PBXBuildFile; fileRef = B9A882302359E194007A589B /* main.swift */; };
		B9A8823E2359EB2D007A589B /* main.swift in Sources */ = {isa = PBXBuildFile; fileRef = B9A8823D2359EB2D007A589B /* main.swift */; };
		B9A882502359EDC5007A589B /* Hyperion.framework in Frameworks */ = {isa = PBXBuildFile; fileRef = B9A882472359EDC5007A589B /* Hyperion.framework */; };
		B9A882552359EDC5007A589B /* HyperionTests.swift in Sources */ = {isa = PBXBuildFile; fileRef = B9A882542359EDC5007A589B /* HyperionTests.swift */; };
		B9A882572359EDC5007A589B /* Hyperion.h in Headers */ = {isa = PBXBuildFile; fileRef = B9A882492359EDC5007A589B /* Hyperion.h */; settings = {ATTRIBUTES = (Public, ); }; };
/* End PBXBuildFile section */

/* Begin PBXContainerItemProxy section */
		B9A882512359EDC5007A589B /* PBXContainerItemProxy */ = {
			isa = PBXContainerItemProxy;
			containerPortal = B9A882252359E194007A589B /* Project object */;
			proxyType = 1;
			remoteGlobalIDString = B9A882462359EDC5007A589B;
			remoteInfo = Hyperion;
		};
/* End PBXContainerItemProxy section */

/* Begin PBXCopyFilesBuildPhase section */
		B9A8822B2359E194007A589B /* CopyFiles */ = {
			isa = PBXCopyFilesBuildPhase;
			buildActionMask = 2147483647;
			dstPath = /usr/share/man/man1/;
			dstSubfolderSpec = 0;
			files = (
			);
			runOnlyForDeploymentPostprocessing = 1;
		};
		B9A882392359EB2D007A589B /* CopyFiles */ = {
			isa = PBXCopyFilesBuildPhase;
			buildActionMask = 2147483647;
			dstPath = /usr/share/man/man1/;
			dstSubfolderSpec = 0;
			files = (
			);
			runOnlyForDeploymentPostprocessing = 1;
		};
/* End PBXCopyFilesBuildPhase section */

/* Begin PBXFileReference section */
		B9A8822D2359E194007A589B /* Venus */ = {isa = PBXFileReference; explicitFileType = "compiled.mach-o.executable"; includeInIndex = 0; path = Venus; sourceTree = BUILT_PRODUCTS_DIR; };
		B9A882302359E194007A589B /* main.swift */ = {isa = PBXFileReference; lastKnownFileType = sourcecode.swift; path = main.swift; sourceTree = "<group>"; };
		B9A8823B2359EB2D007A589B /* Hera */ = {isa = PBXFileReference; explicitFileType = "compiled.mach-o.executable"; includeInIndex = 0; path = Hera; sourceTree = BUILT_PRODUCTS_DIR; };
		B9A8823D2359EB2D007A589B /* main.swift */ = {isa = PBXFileReference; lastKnownFileType = sourcecode.swift; path = main.swift; sourceTree = "<group>"; };
		B9A882472359EDC5007A589B /* Hyperion.framework */ = {isa = PBXFileReference; explicitFileType = wrapper.framework; includeInIndex = 0; path = Hyperion.framework; sourceTree = BUILT_PRODUCTS_DIR; };
		B9A882492359EDC5007A589B /* Hyperion.h */ = {isa = PBXFileReference; lastKnownFileType = sourcecode.c.h; path = Hyperion.h; sourceTree = "<group>"; };
		B9A8824A2359EDC5007A589B /* Info.plist */ = {isa = PBXFileReference; lastKnownFileType = text.plist.xml; path = Info.plist; sourceTree = "<group>"; };
		B9A8824F2359EDC5007A589B /* HyperionTests.xctest */ = {isa = PBXFileReference; explicitFileType = wrapper.cfbundle; includeInIndex = 0; path = HyperionTests.xctest; sourceTree = BUILT_PRODUCTS_DIR; };
		B9A882542359EDC5007A589B /* HyperionTests.swift */ = {isa = PBXFileReference; lastKnownFileType = sourcecode.swift; path = HyperionTests.swift; sourceTree = "<group>"; };
		B9A882562359EDC5007A589B /* Info.plist */ = {isa = PBXFileReference; lastKnownFileType = text.plist.xml; path = Info.plist; sourceTree = "<group>"; };
/* End PBXFileReference section */

/* Begin PBXFrameworksBuildPhase section */
		B9A8822A2359E194007A589B /* Frameworks */ = {
			isa = PBXFrameworksBuildPhase;
			buildActionMask = 2147483647;
			files = (
			);
			runOnlyForDeploymentPostprocessing = 0;
		};
		B9A882382359EB2D007A589B /* Frameworks */ = {
			isa = PBXFrameworksBuildPhase;
			buildActionMask = 2147483647;
			files = (
			);
			runOnlyForDeploymentPostprocessing = 0;
		};
		B9A882442359EDC5007A589B /* Frameworks */ = {
			isa = PBXFrameworksBuildPhase;
			buildActionMask = 2147483647;
			files = (
			);
			runOnlyForDeploymentPostprocessing = 0;
		};
		B9A8824C2359EDC5007A589B /* Frameworks */ = {
			isa = PBXFrameworksBuildPhase;
			buildActionMask = 2147483647;
			files = (
				B9A882502359EDC5007A589B /* Hyperion.framework in Frameworks */,
			);
			runOnlyForDeploymentPostprocessing = 0;
		};
/* End PBXFrameworksBuildPhase section */

/* Begin PBXGroup section */
		B9A882242359E194007A589B = {
			isa = PBXGroup;
			children = (
				B9A8822F2359E194007A589B /* Venus */,
				B9A8823C2359EB2D007A589B /* Hera */,
				B9A882482359EDC5007A589B /* Hyperion */,
				B9A882532359EDC5007A589B /* HyperionTests */,
				B9A8822E2359E194007A589B /* Products */,
			);
			sourceTree = "<group>";
		};
		B9A8822E2359E194007A589B /* Products */ = {
			isa = PBXGroup;
			children = (
				B9A8822D2359E194007A589B /* Venus */,
				B9A8823B2359EB2D007A589B /* Hera */,
				B9A882472359EDC5007A589B /* Hyperion.framework */,
				B9A8824F2359EDC5007A589B /* HyperionTests.xctest */,
			);
			name = Products;
			sourceTree = "<group>";
		};
		B9A8822F2359E194007A589B /* Venus */ = {
			isa = PBXGroup;
			children = (
				B9A882302359E194007A589B /* main.swift */,
			);
			path = Venus;
			sourceTree = "<group>";
		};
		B9A8823C2359EB2D007A589B /* Hera */ = {
			isa = PBXGroup;
			children = (
				B9A8823D2359EB2D007A589B /* main.swift */,
			);
			path = Hera;
			sourceTree = "<group>";
		};
		B9A882482359EDC5007A589B /* Hyperion */ = {
			isa = PBXGroup;
			children = (
				B9A882492359EDC5007A589B /* Hyperion.h */,
				B9A8824A2359EDC5007A589B /* Info.plist */,
			);
			path = Hyperion;
			sourceTree = "<group>";
		};
		B9A882532359EDC5007A589B /* HyperionTests */ = {
			isa = PBXGroup;
			children = (
				B9A882542359EDC5007A589B /* HyperionTests.swift */,
				B9A882562359EDC5007A589B /* Info.plist */,
			);
			path = HyperionTests;
			sourceTree = "<group>";
		};
/* End PBXGroup section */

/* Begin PBXHeadersBuildPhase section */
		B9A882422359EDC5007A589B /* Headers */ = {
			isa = PBXHeadersBuildPhase;
			buildActionMask = 2147483647;
			files = (
				B9A882572359EDC5007A589B /* Hyperion.h in Headers */,
			);
			runOnlyForDeploymentPostprocessing = 0;
		};
/* End PBXHeadersBuildPhase section */

/* Begin PBXNativeTarget section */
		B9A8822C2359E194007A589B /* Venus */ = {
			isa = PBXNativeTarget;
			buildConfigurationList = B9A882342359E194007A589B /* Build configuration list for PBXNativeTarget "Venus" */;
			buildPhases = (
				B9A882292359E194007A589B /* Sources */,
				B9A8822A2359E194007A589B /* Frameworks */,
				B9A8822B2359E194007A589B /* CopyFiles */,
			);
			buildRules = (
			);
			dependencies = (
			);
			name = Venus;
			productName = Venus;
			productReference = B9A8822D2359E194007A589B /* Venus */;
			productType = "com.apple.product-type.tool";
		};
		B9A8823A2359EB2D007A589B /* Hera */ = {
			isa = PBXNativeTarget;
			buildConfigurationList = B9A882412359EB2D007A589B /* Build configuration list for PBXNativeTarget "Hera" */;
			buildPhases = (
				B9A882372359EB2D007A589B /* Sources */,
				B9A882382359EB2D007A589B /* Frameworks */,
				B9A882392359EB2D007A589B /* CopyFiles */,
			);
			buildRules = (
			);
			dependencies = (
			);
			name = Hera;
			productName = Hera;
			productReference = B9A8823B2359EB2D007A589B /* Hera */;
			productType = "com.apple.product-type.tool";
		};
		B9A882462359EDC5007A589B /* Hyperion */ = {
			isa = PBXNativeTarget;
			buildConfigurationList = B9A882582359EDC5007A589B /* Build configuration list for PBXNativeTarget "Hyperion" */;
			buildPhases = (
				B9A882422359EDC5007A589B /* Headers */,
				B9A882432359EDC5007A589B /* Sources */,
				B9A882442359EDC5007A589B /* Frameworks */,
				B9A882452359EDC5007A589B /* Resources */,
			);
			buildRules = (
			);
			dependencies = (
			);
			name = Hyperion;
			productName = Hyperion;
			productReference = B9A882472359EDC5007A589B /* Hyperion.framework */;
			productType = "com.apple.product-type.framework";
		};
		B9A8824E2359EDC5007A589B /* HyperionTests */ = {
			isa = PBXNativeTarget;
			buildConfigurationList = B9A8825B2359EDC5007A589B /* Build configuration list for PBXNativeTarget "HyperionTests" */;
			buildPhases = (
				B9A8824B2359EDC5007A589B /* Sources */,
				B9A8824C2359EDC5007A589B /* Frameworks */,
				B9A8824D2359EDC5007A589B /* Resources */,
			);
			buildRules = (
			);
			dependencies = (
				B9A882522359EDC5007A589B /* PBXTargetDependency */,
			);
			name = HyperionTests;
			productName = HyperionTests;
			productReference = B9A8824F2359EDC5007A589B /* HyperionTests.xctest */;
			productType = "com.apple.product-type.bundle.unit-test";
		};
/* End PBXNativeTarget section */

/* Begin PBXProject section */
		B9A882252359E194007A589B /* Project object */ = {
			isa = PBXProject;
			attributes = {
				LastSwiftUpdateCheck = 1030;
				LastUpgradeCheck = 1030;
				ORGANIZATIONNAME = Bilescu;
				TargetAttributes = {
					B9A8822C2359E194007A589B = {
						CreatedOnToolsVersion = 10.3;
					};
					B9A8823A2359EB2D007A589B = {
						CreatedOnToolsVersion = 10.3;
					};
					B9A882462359EDC5007A589B = {
						CreatedOnToolsVersion = 10.3;
					};
					B9A8824E2359EDC5007A589B = {
						CreatedOnToolsVersion = 10.3;
					};
				};
			};
			buildConfigurationList = B9A882282359E194007A589B /* Build configuration list for PBXProject "Venus" */;
			compatibilityVersion = "Xcode 9.3";
			developmentRegion = en;
			hasScannedForEncodings = 0;
			knownRegions = (
				en,
			);
			mainGroup = B9A882242359E194007A589B;
			productRefGroup = B9A8822E2359E194007A589B /* Products */;
			projectDirPath = "";
			projectRoot = "";
			targets = (
				B9A8822C2359E194007A589B /* Venus */,
				B9A8823A2359EB2D007A589B /* Hera */,
				B9A882462359EDC5007A589B /* Hyperion */,
				B9A8824E2359EDC5007A589B /* HyperionTests */,
			);
		};
/* End PBXProject section */

/* Begin PBXResourcesBuildPhase section */
		B9A882452359EDC5007A589B /* Resources */ = {
			isa = PBXResourcesBuildPhase;
			buildActionMask = 2147483647;
			files = (
			);
			runOnlyForDeploymentPostprocessing = 0;
		};
		B9A8824D2359EDC5007A589B /* Resources */ = {
			isa = PBXResourcesBuildPhase;
			buildActionMask = 2147483647;
			files = (
			);
			runOnlyForDeploymentPostprocessing = 0;
		};
/* End PBXResourcesBuildPhase section */

/* Begin PBXSourcesBuildPhase section */
		B9A882292359E194007A589B /* Sources */ = {
			isa = PBXSourcesBuildPhase;
			buildActionMask = 2147483647;
			files = (
				B9A882312359E194007A589B /* main.swift in Sources */,
			);
			runOnlyForDeploymentPostprocessing = 0;
		};
		B9A882372359EB2D007A589B /* Sources */ = {
			isa = PBXSourcesBuildPhase;
			buildActionMask = 2147483647;
			files = (
				B9A8823E2359EB2D007A589B /* main.swift in Sources */,
			);
			runOnlyForDeploymentPostprocessing = 0;
		};
		B9A882432359EDC5007A589B /* Sources */ = {
			isa = PBXSourcesBuildPhase;
			buildActionMask = 2147483647;
			files = (
			);
			runOnlyForDeploymentPostprocessing = 0;
		};
		B9A8824B2359EDC5007A589B /* Sources */ = {
			isa = PBXSourcesBuildPhase;
			buildActionMask = 2147483647;
			files = (
				B9A882552359EDC5007A589B /* HyperionTests.swift in Sources */,
			);
			runOnlyForDeploymentPostprocessing = 0;
		};
/* End PBXSourcesBuildPhase section */

/* Begin PBXTargetDependency section */
		B9A882522359EDC5007A589B /* PBXTargetDependency */ = {
			isa = PBXTargetDependency;
			target = B9A882462359EDC5007A589B /* Hyperion */;
			targetProxy = B9A882512359EDC5007A589B /* PBXContainerItemProxy */;
		};
/* End PBXTargetDependency section */

/* Begin XCBuildConfiguration section */
		B9A882322359E194007A589B /* Debug */ = {
			isa = XCBuildConfiguration;
			buildSettings = {
				ALWAYS_SEARCH_USER_PATHS = NO;
				CLANG_ANALYZER_NONNULL = YES;
				CLANG_ANALYZER_NUMBER_OBJECT_CONVERSION = YES_AGGRESSIVE;
				CLANG_CXX_LANGUAGE_STANDARD = "gnu++14";
				CLANG_CXX_LIBRARY = "libc++";
				CLANG_ENABLE_MODULES = YES;
				CLANG_ENABLE_OBJC_ARC = YES;
				CLANG_ENABLE_OBJC_WEAK = YES;
				CLANG_WARN_BLOCK_CAPTURE_AUTORELEASING = YES;
				CLANG_WARN_BOOL_CONVERSION = YES;
				CLANG_WARN_COMMA = YES;
				CLANG_WARN_CONSTANT_CONVERSION = YES;
				CLANG_WARN_DEPRECATED_OBJC_IMPLEMENTATIONS = YES;
				CLANG_WARN_DIRECT_OBJC_ISA_USAGE = YES_ERROR;
				CLANG_WARN_DOCUMENTATION_COMMENTS = YES;
				CLANG_WARN_EMPTY_BODY = YES;
				CLANG_WARN_ENUM_CONVERSION = YES;
				CLANG_WARN_INFINITE_RECURSION = YES;
				CLANG_WARN_INT_CONVERSION = YES;
				CLANG_WARN_NON_LITERAL_NULL_CONVERSION = YES;
				CLANG_WARN_OBJC_IMPLICIT_RETAIN_SELF = YES;
				CLANG_WARN_OBJC_LITERAL_CONVERSION = YES;
				CLANG_WARN_OBJC_ROOT_CLASS = YES_ERROR;
				CLANG_WARN_RANGE_LOOP_ANALYSIS = YES;
				CLANG_WARN_STRICT_PROTOTYPES = YES;
				CLANG_WARN_SUSPICIOUS_MOVE = YES;
				CLANG_WARN_UNGUARDED_AVAILABILITY = YES_AGGRESSIVE;
				CLANG_WARN_UNREACHABLE_CODE = YES;
				CLANG_WARN__DUPLICATE_METHOD_MATCH = YES;
				CODE_SIGN_IDENTITY = "-";
				COPY_PHASE_STRIP = NO;
				DEBUG_INFORMATION_FORMAT = dwarf;
				ENABLE_STRICT_OBJC_MSGSEND = YES;
				ENABLE_TESTABILITY = YES;
				GCC_C_LANGUAGE_STANDARD = gnu11;
				GCC_DYNAMIC_NO_PIC = NO;
				GCC_NO_COMMON_BLOCKS = YES;
				GCC_OPTIMIZATION_LEVEL = 0;
				GCC_PREPROCESSOR_DEFINITIONS = (
					"DEBUG=1",
					"$(inherited)",
				);
				GCC_WARN_64_TO_32_BIT_CONVERSION = YES;
				GCC_WARN_ABOUT_RETURN_TYPE = YES_ERROR;
				GCC_WARN_UNDECLARED_SELECTOR = YES;
				GCC_WARN_UNINITIALIZED_AUTOS = YES_AGGRESSIVE;
				GCC_WARN_UNUSED_FUNCTION = YES;
				GCC_WARN_UNUSED_VARIABLE = YES;
				MACOSX_DEPLOYMENT_TARGET = 10.14;
				MTL_ENABLE_DEBUG_INFO = INCLUDE_SOURCE;
				MTL_FAST_MATH = YES;
				ONLY_ACTIVE_ARCH = YES;
				SDKROOT = macosx;
				SWIFT_ACTIVE_COMPILATION_CONDITIONS = DEBUG;
				SWIFT_OPTIMIZATION_LEVEL = "-Onone";
			};
			name = Debug;
		};
		B9A882332359E194007A589B /* Release */ = {
			isa = XCBuildConfiguration;
			buildSettings = {
				ALWAYS_SEARCH_USER_PATHS = NO;
				CLANG_ANALYZER_NONNULL = YES;
				CLANG_ANALYZER_NUMBER_OBJECT_CONVERSION = YES_AGGRESSIVE;
				CLANG_CXX_LANGUAGE_STANDARD = "gnu++14";
				CLANG_CXX_LIBRARY = "libc++";
				CLANG_ENABLE_MODULES = YES;
				CLANG_ENABLE_OBJC_ARC = YES;
				CLANG_ENABLE_OBJC_WEAK = YES;
				CLANG_WARN_BLOCK_CAPTURE_AUTORELEASING = YES;
				CLANG_WARN_BOOL_CONVERSION = YES;
				CLANG_WARN_COMMA = YES;
				CLANG_WARN_CONSTANT_CONVERSION = YES;
				CLANG_WARN_DEPRECATED_OBJC_IMPLEMENTATIONS = YES;
				CLANG_WARN_DIRECT_OBJC_ISA_USAGE = YES_ERROR;
				CLANG_WARN_DOCUMENTATION_COMMENTS = YES;
				CLANG_WARN_EMPTY_BODY = YES;
				CLANG_WARN_ENUM_CONVERSION = YES;
				CLANG_WARN_INFINITE_RECURSION = YES;
				CLANG_WARN_INT_CONVERSION = YES;
				CLANG_WARN_NON_LITERAL_NULL_CONVERSION = YES;
				CLANG_WARN_OBJC_IMPLICIT_RETAIN_SELF = YES;
				CLANG_WARN_OBJC_LITERAL_CONVERSION = YES;
				CLANG_WARN_OBJC_ROOT_CLASS = YES_ERROR;
				CLANG_WARN_RANGE_LOOP_ANALYSIS = YES;
				CLANG_WARN_STRICT_PROTOTYPES = YES;
				CLANG_WARN_SUSPICIOUS_MOVE = YES;
				CLANG_WARN_UNGUARDED_AVAILABILITY = YES_AGGRESSIVE;
				CLANG_WARN_UNREACHABLE_CODE = YES;
				CLANG_WARN__DUPLICATE_METHOD_MATCH = YES;
				CODE_SIGN_IDENTITY = "-";
				COPY_PHASE_STRIP = NO;
				DEBUG_INFORMATION_FORMAT = "dwarf-with-dsym";
				ENABLE_NS_ASSERTIONS = NO;
				ENABLE_STRICT_OBJC_MSGSEND = YES;
				GCC_C_LANGUAGE_STANDARD = gnu11;
				GCC_NO_COMMON_BLOCKS = YES;
				GCC_WARN_64_TO_32_BIT_CONVERSION = YES;
				GCC_WARN_ABOUT_RETURN_TYPE = YES_ERROR;
				GCC_WARN_UNDECLARED_SELECTOR = YES;
				GCC_WARN_UNINITIALIZED_AUTOS = YES_AGGRESSIVE;
				GCC_WARN_UNUSED_FUNCTION = YES;
				GCC_WARN_UNUSED_VARIABLE = YES;
				MACOSX_DEPLOYMENT_TARGET = 10.14;
				MTL_ENABLE_DEBUG_INFO = NO;
				MTL_FAST_MATH = YES;
				SDKROOT = macosx;
				SWIFT_COMPILATION_MODE = wholemodule;
				SWIFT_OPTIMIZATION_LEVEL = "-O";
			};
			name = Release;
		};
		B9A882352359E194007A589B /* Debug */ = {
			isa = XCBuildConfiguration;
			buildSettings = {
				CODE_SIGN_STYLE = Automatic;
				PRODUCT_NAME = "$(TARGET_NAME)";
				SWIFT_VERSION = 5.0;
			};
			name = Debug;
		};
		B9A882362359E194007A589B /* Release */ = {
			isa = XCBuildConfiguration;
			buildSettings = {
				CODE_SIGN_STYLE = Automatic;
				PRODUCT_NAME = "$(TARGET_NAME)";
				SWIFT_VERSION = 5.0;
			};
			name = Release;
		};
		B9A8823F2359EB2D007A589B /* Debug */ = {
			isa = XCBuildConfiguration;
			buildSettings = {
				CODE_SIGN_STYLE = Automatic;
				PRODUCT_NAME = "$(TARGET_NAME)";
				SWIFT_VERSION = 5.0;
			};
			name = Debug;
		};
		B9A882402359EB2D007A589B /* Release */ = {
			isa = XCBuildConfiguration;
			buildSettings = {
				CODE_SIGN_STYLE = Automatic;
				PRODUCT_NAME = "$(TARGET_NAME)";
				SWIFT_VERSION = 5.0;
			};
			name = Release;
		};
		B9A882592359EDC5007A589B /* Debug */ = {
			isa = XCBuildConfiguration;
			buildSettings = {
				CODE_SIGN_IDENTITY = "";
				CODE_SIGN_STYLE = Automatic;
				COMBINE_HIDPI_IMAGES = YES;
				CURRENT_PROJECT_VERSION = 1;
				DEFINES_MODULE = YES;
				DYLIB_COMPATIBILITY_VERSION = 1;
				DYLIB_CURRENT_VERSION = 1;
				DYLIB_INSTALL_NAME_BASE = "@rpath";
				FRAMEWORK_VERSION = A;
				INFOPLIST_FILE = Hyperion/Info.plist;
				INSTALL_PATH = "$(LOCAL_LIBRARY_DIR)/Frameworks";
				LD_RUNPATH_SEARCH_PATHS = (
					"$(inherited)",
					"@executable_path/../Frameworks",
					"@loader_path/Frameworks",
				);
				PRODUCT_BUNDLE_IDENTIFIER = com.bilescu.Hyperion;
				PRODUCT_NAME = "$(TARGET_NAME:c99extidentifier)";
				SKIP_INSTALL = YES;
				SWIFT_VERSION = 5.0;
				VERSIONING_SYSTEM = "apple-generic";
				VERSION_INFO_PREFIX = "";
			};
			name = Debug;
		};
		B9A8825A2359EDC5007A589B /* Release */ = {
			isa = XCBuildConfiguration;
			buildSettings = {
				CODE_SIGN_IDENTITY = "";
				CODE_SIGN_STYLE = Automatic;
				COMBINE_HIDPI_IMAGES = YES;
				CURRENT_PROJECT_VERSION = 1;
				DEFINES_MODULE = YES;
				DYLIB_COMPATIBILITY_VERSION = 1;
				DYLIB_CURRENT_VERSION = 1;
				DYLIB_INSTALL_NAME_BASE = "@rpath";
				FRAMEWORK_VERSION = A;
				INFOPLIST_FILE = Hyperion/Info.plist;
				INSTALL_PATH = "$(LOCAL_LIBRARY_DIR)/Frameworks";
				LD_RUNPATH_SEARCH_PATHS = (
					"$(inherited)",
					"@executable_path/../Frameworks",
					"@loader_path/Frameworks",
				);
				PRODUCT_BUNDLE_IDENTIFIER = com.bilescu.Hyperion;
				PRODUCT_NAME = "$(TARGET_NAME:c99extidentifier)";
				SKIP_INSTALL = YES;
				SWIFT_VERSION = 5.0;
				VERSIONING_SYSTEM = "apple-generic";
				VERSION_INFO_PREFIX = "";
			};
			name = Release;
		};
		B9A8825C2359EDC5007A589B /* Debug */ = {
			isa = XCBuildConfiguration;
			buildSettings = {
				CODE_SIGN_STYLE = Automatic;
				COMBINE_HIDPI_IMAGES = YES;
				INFOPLIST_FILE = HyperionTests/Info.plist;
				LD_RUNPATH_SEARCH_PATHS = (
					"$(inherited)",
					"@executable_path/../Frameworks",
					"@loader_path/../Frameworks",
				);
				PRODUCT_BUNDLE_IDENTIFIER = com.bilescu.HyperionTests;
				PRODUCT_NAME = "$(TARGET_NAME)";
				SWIFT_VERSION = 5.0;
			};
			name = Debug;
		};
		B9A8825D2359EDC5007A589B /* Release */ = {
			isa = XCBuildConfiguration;
			buildSettings = {
				CODE_SIGN_STYLE = Automatic;
				COMBINE_HIDPI_IMAGES = YES;
				INFOPLIST_FILE = HyperionTests/Info.plist;
				LD_RUNPATH_SEARCH_PATHS = (
					"$(inherited)",
					"@executable_path/../Frameworks",
					"@loader_path/../Frameworks",
				);
				PRODUCT_BUNDLE_IDENTIFIER = com.bilescu.HyperionTests;
				PRODUCT_NAME = "$(TARGET_NAME)";
				SWIFT_VERSION = 5.0;
			};
			name = Release;
		};
/* End XCBuildConfiguration section */

/* Begin XCConfigurationList section */
		B9A882282359E194007A589B /* Build configuration list for PBXProject "Venus" */ = {
			isa = XCConfigurationList;
			buildConfigurations = (
				B9A882322359E194007A589B /* Debug */,
				B9A882332359E194007A589B /* Release */,
			);
			defaultConfigurationIsVisible = 0;
			defaultConfigurationName = Release;
		};
		B9A882342359E194007A589B /* Build configuration list for PBXNativeTarget "Venus" */ = {
			isa = XCConfigurationList;
			buildConfigurations = (
				B9A882352359E194007A589B /* Debug */,
				B9A882362359E194007A589B /* Release */,
			);
			defaultConfigurationIsVisible = 0;
			defaultConfigurationName = Release;
		};
		B9A882412359EB2D007A589B /* Build configuration list for PBXNativeTarget "Hera" */ = {
			isa = XCConfigurationList;
			buildConfigurations = (
				B9A8823F2359EB2D007A589B /* Debug */,
				B9A882402359EB2D007A589B /* Release */,
			);
			defaultConfigurationIsVisible = 0;
			defaultConfigurationName = Release;
		};
		B9A882582359EDC5007A589B /* Build configuration list for PBXNativeTarget "Hyperion" */ = {
			isa = XCConfigurationList;
			buildConfigurations = (
				B9A882592359EDC5007A589B /* Debug */,
				B9A8825A2359EDC5007A589B /* Release */,
			);
			defaultConfigurationIsVisible = 0;
			defaultConfigurationName = Release;
		};
		B9A8825B2359EDC5007A589B /* Build configuration list for PBXNativeTarget "HyperionTests" */ = {
			isa = XCConfigurationList;
			buildConfigurations = (
				B9A8825C2359EDC5007A589B /* Debug */,
				B9A8825D2359EDC5007A589B /* Release */,
			);
			defaultConfigurationIsVisible = 0;
			defaultConfigurationName = Release;
		};
/* End XCConfigurationList section */
	};
	rootObject = B9A882252359E194007A589B /* Project object */;
}
